
Microsoft Visual Studio Solution File, Format Version 12.00
# Visual Studio Version 17
VisualStudioVersion = 17.6.33829.357
MinimumVisualStudioVersion = 10.0.40219.1
Project("{FAE04EC0-301F-11D3-BF4B-00C04F79EFBC}") = "ChipSecuritySystem", "ChipSecuritySystem.csproj", "{51C05190-D979-4646-A6FD-FCE1EAD5345D}"
EndProject
Project("{FAE04EC0-301F-11D3-BF4B-00C04F79EFBC}") = "UnitTestProject1", "..\UnitTestProject1\UnitTestProject1.csproj", "{9C85894B-1DC4-4781-83CC-35CB1AE307D6}"
EndProject
Global
	GlobalSection(SolutionConfigurationPlatforms) = preSolution
		Debug|Any CPU = Debug|Any CPU
		Release|Any CPU = Release|Any CPU
	EndGlobalSection
	GlobalSection(ProjectConfigurationPlatforms) = postSolution
		{51C05190-D979-4646-A6FD-FCE1EAD5345D}.Debug|Any CPU.ActiveCfg = Debug|Any CPU
		{51C05190-D979-4646-A6FD-FCE1EAD5345D}.Debug|Any CPU.Build.0 = Debug|Any CPU
		{51C05190-D979-4646-A6FD-FCE1EAD5345D}.Release|Any CPU.ActiveCfg = Release|Any CPU
		{51C05190-D979-4646-A6FD-FCE1EAD5345D}.Release|Any CPU.Build.0 = Release|Any CPU
		{9C85894B-1DC4-4781-83CC-35CB1AE307D6}.Debug|Any CPU.ActiveCfg = Debug|Any CPU
		{9C85894B-1DC4-4781-83CC-35CB1AE307D6}.Debug|Any CPU.Build.0 = Debug|Any CPU
		{9C85894B-1DC4-4781-83CC-35CB1AE307D6}.Release|Any CPU.ActiveCfg = Release|Any CPU
		{9C85894B-1DC4-4781-83CC-35CB1AE307D6}.Release|Any CPU.Build.0 = Release|Any CPU
	EndGlobalSection
	GlobalSection(SolutionProperties) = preSolution
		HideSolutionNode = FALSE
	EndGlobalSection
	GlobalSection(ExtensibilityGlobals) = postSolution
		SolutionGuid = {7AB6EAF8-1ED3-42DE-95E1-5032E39D7D60}
	EndGlobalSection
EndGlobal
